// !$*UTF8*$!
{
	archiveVersion = 1;
	classes = {
	};
	objectVersion = 50;
	objects = {

/* Begin PBXBuildFile section */
		D54D0CDE22FDBA120035AD25 /* AppDelegate.swift in Sources */ = {isa = PBXBuildFile; fileRef = D54D0CDD22FDBA120035AD25 /* AppDelegate.swift */; };
		D54D0CE622FDBA120035AD25 /* StarWarsProject.xcdatamodeld in Sources */ = {isa = PBXBuildFile; fileRef = D54D0CE422FDBA120035AD25 /* StarWarsProject.xcdatamodeld */; };
		D54D0CE822FDBA160035AD25 /* Assets.xcassets in Resources */ = {isa = PBXBuildFile; fileRef = D54D0CE722FDBA160035AD25 /* Assets.xcassets */; };
		D54D0CEB22FDBA160035AD25 /* LaunchScreen.storyboard in Resources */ = {isa = PBXBuildFile; fileRef = D54D0CE922FDBA160035AD25 /* LaunchScreen.storyboard */; };
		D54D0CF422FDC5B60035AD25 /* WelcomeScreeenViewController.swift in Sources */ = {isa = PBXBuildFile; fileRef = D54D0CF222FDC5B60035AD25 /* WelcomeScreeenViewController.swift */; };
		D54D0CF522FDC5B60035AD25 /* WelcomeScreeenViewController.xib in Resources */ = {isa = PBXBuildFile; fileRef = D54D0CF322FDC5B60035AD25 /* WelcomeScreeenViewController.xib */; };
		D54D0CF822FDCA9E0035AD25 /* IBDesignableViews.swift in Sources */ = {isa = PBXBuildFile; fileRef = D54D0CF722FDCA9E0035AD25 /* IBDesignableViews.swift */; };
		D5E8FB4222FDCF31002E4CF2 /* PeopleListViewController.swift in Sources */ = {isa = PBXBuildFile; fileRef = D5E8FB4022FDCF31002E4CF2 /* PeopleListViewController.swift */; };
		D5E8FB4322FDCF31002E4CF2 /* PeopleListViewController.xib in Resources */ = {isa = PBXBuildFile; fileRef = D5E8FB4122FDCF31002E4CF2 /* PeopleListViewController.xib */; };
		D5E8FB4822FDD0A8002E4CF2 /* PlanetListViewController.swift in Sources */ = {isa = PBXBuildFile; fileRef = D5E8FB4622FDD0A8002E4CF2 /* PlanetListViewController.swift */; };
		D5E8FB4922FDD0A8002E4CF2 /* PlanetListViewController.xib in Resources */ = {isa = PBXBuildFile; fileRef = D5E8FB4722FDD0A8002E4CF2 /* PlanetListViewController.xib */; };
		D5E8FB4C22FDD564002E4CF2 /* ListCell.swift in Sources */ = {isa = PBXBuildFile; fileRef = D5E8FB4A22FDD564002E4CF2 /* ListCell.swift */; };
		D5E8FB4D22FDD564002E4CF2 /* ListCell.xib in Resources */ = {isa = PBXBuildFile; fileRef = D5E8FB4B22FDD564002E4CF2 /* ListCell.xib */; };
		D5E8FB5222FDDCA5002E4CF2 /* Planet.swift in Sources */ = {isa = PBXBuildFile; fileRef = D5E8FB5122FDDCA5002E4CF2 /* Planet.swift */; };
		D5E8FB5422FDDCAE002E4CF2 /* People.swift in Sources */ = {isa = PBXBuildFile; fileRef = D5E8FB5322FDDCAE002E4CF2 /* People.swift */; };
		D5E8FB5722FDE2CF002E4CF2 /* NetworkHelper.swift in Sources */ = {isa = PBXBuildFile; fileRef = D5E8FB5622FDE2CF002E4CF2 /* NetworkHelper.swift */; };
		D5E8FB5922FDE2F6002E4CF2 /* AppErrors.swift in Sources */ = {isa = PBXBuildFile; fileRef = D5E8FB5822FDE2F5002E4CF2 /* AppErrors.swift */; };
		D5E8FB5B22FDE902002E4CF2 /* PeopleClient.swift in Sources */ = {isa = PBXBuildFile; fileRef = D5E8FB5A22FDE902002E4CF2 /* PeopleClient.swift */; };
		D5E8FB5D22FDFE0A002E4CF2 /* PlanetClient.swift in Sources */ = {isa = PBXBuildFile; fileRef = D5E8FB5C22FDFE0A002E4CF2 /* PlanetClient.swift */; };
/* End PBXBuildFile section */

/* Begin PBXFileReference section */
		D54D0CDA22FDBA120035AD25 /* StarWarsProject.app */ = {isa = PBXFileReference; explicitFileType = wrapper.application; includeInIndex = 0; path = StarWarsProject.app; sourceTree = BUILT_PRODUCTS_DIR; };
		D54D0CDD22FDBA120035AD25 /* AppDelegate.swift */ = {isa = PBXFileReference; lastKnownFileType = sourcecode.swift; path = AppDelegate.swift; sourceTree = "<group>"; };
		D54D0CE522FDBA120035AD25 /* StarWarsProject.xcdatamodel */ = {isa = PBXFileReference; lastKnownFileType = wrapper.xcdatamodel; path = StarWarsProject.xcdatamodel; sourceTree = "<group>"; };
		D54D0CE722FDBA160035AD25 /* Assets.xcassets */ = {isa = PBXFileReference; lastKnownFileType = folder.assetcatalog; path = Assets.xcassets; sourceTree = "<group>"; };
		D54D0CEA22FDBA160035AD25 /* Base */ = {isa = PBXFileReference; lastKnownFileType = file.storyboard; name = Base; path = Base.lproj/LaunchScreen.storyboard; sourceTree = "<group>"; };
		D54D0CEC22FDBA160035AD25 /* Info.plist */ = {isa = PBXFileReference; lastKnownFileType = text.plist.xml; path = Info.plist; sourceTree = "<group>"; };
		D54D0CF222FDC5B60035AD25 /* WelcomeScreeenViewController.swift */ = {isa = PBXFileReference; lastKnownFileType = sourcecode.swift; path = WelcomeScreeenViewController.swift; sourceTree = "<group>"; };
		D54D0CF322FDC5B60035AD25 /* WelcomeScreeenViewController.xib */ = {isa = PBXFileReference; lastKnownFileType = file.xib; path = WelcomeScreeenViewController.xib; sourceTree = "<group>"; };
		D54D0CF722FDCA9E0035AD25 /* IBDesignableViews.swift */ = {isa = PBXFileReference; lastKnownFileType = sourcecode.swift; name = IBDesignableViews.swift; path = ../IBDesignableViews.swift; sourceTree = "<group>"; };
		D5E8FB4022FDCF31002E4CF2 /* PeopleListViewController.swift */ = {isa = PBXFileReference; lastKnownFileType = sourcecode.swift; path = PeopleListViewController.swift; sourceTree = "<group>"; };
		D5E8FB4122FDCF31002E4CF2 /* PeopleListViewController.xib */ = {isa = PBXFileReference; lastKnownFileType = file.xib; path = PeopleListViewController.xib; sourceTree = "<group>"; };
		D5E8FB4622FDD0A8002E4CF2 /* PlanetListViewController.swift */ = {isa = PBXFileReference; lastKnownFileType = sourcecode.swift; path = PlanetListViewController.swift; sourceTree = "<group>"; };
		D5E8FB4722FDD0A8002E4CF2 /* PlanetListViewController.xib */ = {isa = PBXFileReference; lastKnownFileType = file.xib; path = PlanetListViewController.xib; sourceTree = "<group>"; };
		D5E8FB4A22FDD564002E4CF2 /* ListCell.swift */ = {isa = PBXFileReference; lastKnownFileType = sourcecode.swift; path = ListCell.swift; sourceTree = "<group>"; };
		D5E8FB4B22FDD564002E4CF2 /* ListCell.xib */ = {isa = PBXFileReference; lastKnownFileType = file.xib; path = ListCell.xib; sourceTree = "<group>"; };
		D5E8FB5122FDDCA5002E4CF2 /* Planet.swift */ = {isa = PBXFileReference; lastKnownFileType = sourcecode.swift; path = Planet.swift; sourceTree = "<group>"; };
		D5E8FB5322FDDCAE002E4CF2 /* People.swift */ = {isa = PBXFileReference; lastKnownFileType = sourcecode.swift; path = People.swift; sourceTree = "<group>"; };
		D5E8FB5622FDE2CF002E4CF2 /* NetworkHelper.swift */ = {isa = PBXFileReference; lastKnownFileType = sourcecode.swift; path = NetworkHelper.swift; sourceTree = "<group>"; };
		D5E8FB5822FDE2F5002E4CF2 /* AppErrors.swift */ = {isa = PBXFileReference; lastKnownFileType = sourcecode.swift; path = AppErrors.swift; sourceTree = "<group>"; };
		D5E8FB5A22FDE902002E4CF2 /* PeopleClient.swift */ = {isa = PBXFileReference; lastKnownFileType = sourcecode.swift; path = PeopleClient.swift; sourceTree = "<group>"; };
		D5E8FB5C22FDFE0A002E4CF2 /* PlanetClient.swift */ = {isa = PBXFileReference; lastKnownFileType = sourcecode.swift; path = PlanetClient.swift; sourceTree = "<group>"; };
/* End PBXFileReference section */

/* Begin PBXFrameworksBuildPhase section */
		D54D0CD722FDBA110035AD25 /* Frameworks */ = {
			isa = PBXFrameworksBuildPhase;
			buildActionMask = 2147483647;
			files = (
			);
			runOnlyForDeploymentPostprocessing = 0;
		};
/* End PBXFrameworksBuildPhase section */

/* Begin PBXGroup section */
		D54D0CD122FDBA110035AD25 = {
			isa = PBXGroup;
			children = (
				D54D0CDC22FDBA120035AD25 /* StarWarsProject */,
				D54D0CDB22FDBA120035AD25 /* Products */,
			);
			sourceTree = "<group>";
		};
		D54D0CDB22FDBA120035AD25 /* Products */ = {
			isa = PBXGroup;
			children = (
				D54D0CDA22FDBA120035AD25 /* StarWarsProject.app */,
			);
			name = Products;
			sourceTree = "<group>";
		};
		D54D0CDC22FDBA120035AD25 /* StarWarsProject */ = {
			isa = PBXGroup;
			children = (
				D54D0CEC22FDBA160035AD25 /* Info.plist */,
				D54D0CE722FDBA160035AD25 /* Assets.xcassets */,
				D5E8FB5522FDDCC7002E4CF2 /* Model */,
				D54D0CF922FDCABD0035AD25 /* Other */,
				D54D0CF622FDCA320035AD25 /* Controllers */,
				D5E8FB4E22FDD661002E4CF2 /* Cell */,
				D54D0CFA22FDCB5E0035AD25 /* Utilities */,
				D5E8FB5A22FDE902002E4CF2 /* PeopleClient.swift */,
				D5E8FB5C22FDFE0A002E4CF2 /* PlanetClient.swift */,
			);
			path = StarWarsProject;
			sourceTree = "<group>";
		};
		D54D0CF622FDCA320035AD25 /* Controllers */ = {
			isa = PBXGroup;
			children = (
				D54D0CF222FDC5B60035AD25 /* WelcomeScreeenViewController.swift */,
				D54D0CF322FDC5B60035AD25 /* WelcomeScreeenViewController.xib */,
				D5E8FB4022FDCF31002E4CF2 /* PeopleListViewController.swift */,
				D5E8FB4122FDCF31002E4CF2 /* PeopleListViewController.xib */,
				D5E8FB4622FDD0A8002E4CF2 /* PlanetListViewController.swift */,
				D5E8FB4722FDD0A8002E4CF2 /* PlanetListViewController.xib */,
			);
			path = Controllers;
			sourceTree = "<group>";
		};
		D54D0CF922FDCABD0035AD25 /* Other */ = {
			isa = PBXGroup;
			children = (
				D54D0CDD22FDBA120035AD25 /* AppDelegate.swift */,
				D54D0CE922FDBA160035AD25 /* LaunchScreen.storyboard */,
				D54D0CE422FDBA120035AD25 /* StarWarsProject.xcdatamodeld */,
			);
			path = Other;
			sourceTree = "<group>";
		};
		D54D0CFA22FDCB5E0035AD25 /* Utilities */ = {
			isa = PBXGroup;
			children = (
				D54D0CF722FDCA9E0035AD25 /* IBDesignableViews.swift */,
				D5E8FB5622FDE2CF002E4CF2 /* NetworkHelper.swift */,
				D5E8FB5822FDE2F5002E4CF2 /* AppErrors.swift */,
			);
			path = Utilities;
			sourceTree = "<group>";
		};
		D5E8FB4E22FDD661002E4CF2 /* Cell */ = {
			isa = PBXGroup;
			children = (
				D5E8FB4A22FDD564002E4CF2 /* ListCell.swift */,
				D5E8FB4B22FDD564002E4CF2 /* ListCell.xib */,
			);
			path = Cell;
			sourceTree = "<group>";
		};
		D5E8FB5522FDDCC7002E4CF2 /* Model */ = {
			isa = PBXGroup;
			children = (
				D5E8FB5122FDDCA5002E4CF2 /* Planet.swift */,
				D5E8FB5322FDDCAE002E4CF2 /* People.swift */,
			);
			path = Model;
			sourceTree = "<group>";
		};
/* End PBXGroup section */

/* Begin PBXNativeTarget section */
		D54D0CD922FDBA110035AD25 /* StarWarsProject */ = {
			isa = PBXNativeTarget;
			buildConfigurationList = D54D0CEF22FDBA160035AD25 /* Build configuration list for PBXNativeTarget "StarWarsProject" */;
			buildPhases = (
				D54D0CD622FDBA110035AD25 /* Sources */,
				D54D0CD722FDBA110035AD25 /* Frameworks */,
				D54D0CD822FDBA110035AD25 /* Resources */,
			);
			buildRules = (
			);
			dependencies = (
			);
			name = StarWarsProject;
			productName = StarWarsProject;
			productReference = D54D0CDA22FDBA120035AD25 /* StarWarsProject.app */;
			productType = "com.apple.product-type.application";
		};
/* End PBXNativeTarget section */

/* Begin PBXProject section */
		D54D0CD222FDBA110035AD25 /* Project object */ = {
			isa = PBXProject;
			attributes = {
				LastSwiftUpdateCheck = 1030;
				LastUpgradeCheck = 1030;
				ORGANIZATIONNAME = "Leandro Wauters";
				TargetAttributes = {
					D54D0CD922FDBA110035AD25 = {
						CreatedOnToolsVersion = 10.3;
					};
				};
			};
			buildConfigurationList = D54D0CD522FDBA110035AD25 /* Build configuration list for PBXProject "StarWarsProject" */;
			compatibilityVersion = "Xcode 9.3";
			developmentRegion = en;
			hasScannedForEncodings = 0;
			knownRegions = (
				en,
				Base,
			);
			mainGroup = D54D0CD122FDBA110035AD25;
			productRefGroup = D54D0CDB22FDBA120035AD25 /* Products */;
			projectDirPath = "";
			projectRoot = "";
			targets = (
				D54D0CD922FDBA110035AD25 /* StarWarsProject */,
			);
		};
/* End PBXProject section */

/* Begin PBXResourcesBuildPhase section */
		D54D0CD822FDBA110035AD25 /* Resources */ = {
			isa = PBXResourcesBuildPhase;
			buildActionMask = 2147483647;
			files = (
				D5E8FB4922FDD0A8002E4CF2 /* PlanetListViewController.xib in Resources */,
				D5E8FB4D22FDD564002E4CF2 /* ListCell.xib in Resources */,
				D54D0CEB22FDBA160035AD25 /* LaunchScreen.storyboard in Resources */,
				D5E8FB4322FDCF31002E4CF2 /* PeopleListViewController.xib in Resources */,
				D54D0CF522FDC5B60035AD25 /* WelcomeScreeenViewController.xib in Resources */,
				D54D0CE822FDBA160035AD25 /* Assets.xcassets in Resources */,
			);
			runOnlyForDeploymentPostprocessing = 0;
		};
/* End PBXResourcesBuildPhase section */

/* Begin PBXSourcesBuildPhase section */
		D54D0CD622FDBA110035AD25 /* Sources */ = {
			isa = PBXSourcesBuildPhase;
			buildActionMask = 2147483647;
			files = (
				D5E8FB4222FDCF31002E4CF2 /* PeopleListViewController.swift in Sources */,
				D54D0CDE22FDBA120035AD25 /* AppDelegate.swift in Sources */,
				D5E8FB5722FDE2CF002E4CF2 /* NetworkHelper.swift in Sources */,
				D5E8FB5922FDE2F6002E4CF2 /* AppErrors.swift in Sources */,
				D54D0CF822FDCA9E0035AD25 /* IBDesignableViews.swift in Sources */,
				D5E8FB5B22FDE902002E4CF2 /* PeopleClient.swift in Sources */,
				D54D0CE622FDBA120035AD25 /* StarWarsProject.xcdatamodeld in Sources */,
				D5E8FB5422FDDCAE002E4CF2 /* People.swift in Sources */,
				D5E8FB4822FDD0A8002E4CF2 /* PlanetListViewController.swift in Sources */,
				D5E8FB4C22FDD564002E4CF2 /* ListCell.swift in Sources */,
				D5E8FB5D22FDFE0A002E4CF2 /* PlanetClient.swift in Sources */,
				D54D0CF422FDC5B60035AD25 /* WelcomeScreeenViewController.swift in Sources */,
				D5E8FB5222FDDCA5002E4CF2 /* Planet.swift in Sources */,
			);
			runOnlyForDeploymentPostprocessing = 0;
		};
/* End PBXSourcesBuildPhase section */

/* Begin PBXVariantGroup section */
		D54D0CE922FDBA160035AD25 /* LaunchScreen.storyboard */ = {
			isa = PBXVariantGroup;
			children = (
				D54D0CEA22FDBA160035AD25 /* Base */,
			);
			name = LaunchScreen.storyboard;
			sourceTree = "<group>";
		};
/* End PBXVariantGroup section */

/* Begin XCBuildConfiguration section */
		D54D0CED22FDBA160035AD25 /* Debug */ = {
			isa = XCBuildConfiguration;
			buildSettings = {
				ALWAYS_SEARCH_USER_PATHS = NO;
				CLANG_ANALYZER_NONNULL = YES;
				CLANG_ANALYZER_NUMBER_OBJECT_CONVERSION = YES_AGGRESSIVE;
				CLANG_CXX_LANGUAGE_STANDARD = "gnu++14";
				CLANG_CXX_LIBRARY = "libc++";
				CLANG_ENABLE_MODULES = YES;
				CLANG_ENABLE_OBJC_ARC = YES;
				CLANG_ENABLE_OBJC_WEAK = YES;
				CLANG_WARN_BLOCK_CAPTURE_AUTORELEASING = YES;
				CLANG_WARN_BOOL_CONVERSION = YES;
				CLANG_WARN_COMMA = YES;
				CLANG_WARN_CONSTANT_CONVERSION = YES;
				CLANG_WARN_DEPRECATED_OBJC_IMPLEMENTATIONS = YES;
				CLANG_WARN_DIRECT_OBJC_ISA_USAGE = YES_ERROR;
				CLANG_WARN_DOCUMENTATION_COMMENTS = YES;
				CLANG_WARN_EMPTY_BODY = YES;
				CLANG_WARN_ENUM_CONVERSION = YES;
				CLANG_WARN_INFINITE_RECURSION = YES;
				CLANG_WARN_INT_CONVERSION = YES;
				CLANG_WARN_NON_LITERAL_NULL_CONVERSION = YES;
				CLANG_WARN_OBJC_IMPLICIT_RETAIN_SELF = YES;
				CLANG_WARN_OBJC_LITERAL_CONVERSION = YES;
				CLANG_WARN_OBJC_ROOT_CLASS = YES_ERROR;
				CLANG_WARN_RANGE_LOOP_ANALYSIS = YES;
				CLANG_WARN_STRICT_PROTOTYPES = YES;
				CLANG_WARN_SUSPICIOUS_MOVE = YES;
				CLANG_WARN_UNGUARDED_AVAILABILITY = YES_AGGRESSIVE;
				CLANG_WARN_UNREACHABLE_CODE = YES;
				CLANG_WARN__DUPLICATE_METHOD_MATCH = YES;
				CODE_SIGN_IDENTITY = "iPhone Developer";
				COPY_PHASE_STRIP = NO;
				DEBUG_INFORMATION_FORMAT = dwarf;
				ENABLE_STRICT_OBJC_MSGSEND = YES;
				ENABLE_TESTABILITY = YES;
				GCC_C_LANGUAGE_STANDARD = gnu11;
				GCC_DYNAMIC_NO_PIC = NO;
				GCC_NO_COMMON_BLOCKS = YES;
				GCC_OPTIMIZATION_LEVEL = 0;
				GCC_PREPROCESSOR_DEFINITIONS = (
					"DEBUG=1",
					"$(inherited)",
				);
				GCC_WARN_64_TO_32_BIT_CONVERSION = YES;
				GCC_WARN_ABOUT_RETURN_TYPE = YES_ERROR;
				GCC_WARN_UNDECLARED_SELECTOR = YES;
				GCC_WARN_UNINITIALIZED_AUTOS = YES_AGGRESSIVE;
				GCC_WARN_UNUSED_FUNCTION = YES;
				GCC_WARN_UNUSED_VARIABLE = YES;
				IPHONEOS_DEPLOYMENT_TARGET = 12.4;
				MTL_ENABLE_DEBUG_INFO = INCLUDE_SOURCE;
				MTL_FAST_MATH = YES;
				ONLY_ACTIVE_ARCH = YES;
				SDKROOT = iphoneos;
				SWIFT_ACTIVE_COMPILATION_CONDITIONS = DEBUG;
				SWIFT_OPTIMIZATION_LEVEL = "-Onone";
			};
			name = Debug;
		};
		D54D0CEE22FDBA160035AD25 /* Release */ = {
			isa = XCBuildConfiguration;
			buildSettings = {
				ALWAYS_SEARCH_USER_PATHS = NO;
				CLANG_ANALYZER_NONNULL = YES;
				CLANG_ANALYZER_NUMBER_OBJECT_CONVERSION = YES_AGGRESSIVE;
				CLANG_CXX_LANGUAGE_STANDARD = "gnu++14";
				CLANG_CXX_LIBRARY = "libc++";
				CLANG_ENABLE_MODULES = YES;
				CLANG_ENABLE_OBJC_ARC = YES;
				CLANG_ENABLE_OBJC_WEAK = YES;
				CLANG_WARN_BLOCK_CAPTURE_AUTORELEASING = YES;
				CLANG_WARN_BOOL_CONVERSION = YES;
				CLANG_WARN_COMMA = YES;
				CLANG_WARN_CONSTANT_CONVERSION = YES;
				CLANG_WARN_DEPRECATED_OBJC_IMPLEMENTATIONS = YES;
				CLANG_WARN_DIRECT_OBJC_ISA_USAGE = YES_ERROR;
				CLANG_WARN_DOCUMENTATION_COMMENTS = YES;
				CLANG_WARN_EMPTY_BODY = YES;
				CLANG_WARN_ENUM_CONVERSION = YES;
				CLANG_WARN_INFINITE_RECURSION = YES;
				CLANG_WARN_INT_CONVERSION = YES;
				CLANG_WARN_NON_LITERAL_NULL_CONVERSION = YES;
				CLANG_WARN_OBJC_IMPLICIT_RETAIN_SELF = YES;
				CLANG_WARN_OBJC_LITERAL_CONVERSION = YES;
				CLANG_WARN_OBJC_ROOT_CLASS = YES_ERROR;
				CLANG_WARN_RANGE_LOOP_ANALYSIS = YES;
				CLANG_WARN_STRICT_PROTOTYPES = YES;
				CLANG_WARN_SUSPICIOUS_MOVE = YES;
				CLANG_WARN_UNGUARDED_AVAILABILITY = YES_AGGRESSIVE;
				CLANG_WARN_UNREACHABLE_CODE = YES;
				CLANG_WARN__DUPLICATE_METHOD_MATCH = YES;
				CODE_SIGN_IDENTITY = "iPhone Developer";
				COPY_PHASE_STRIP = NO;
				DEBUG_INFORMATION_FORMAT = "dwarf-with-dsym";
				ENABLE_NS_ASSERTIONS = NO;
				ENABLE_STRICT_OBJC_MSGSEND = YES;
				GCC_C_LANGUAGE_STANDARD = gnu11;
				GCC_NO_COMMON_BLOCKS = YES;
				GCC_WARN_64_TO_32_BIT_CONVERSION = YES;
				GCC_WARN_ABOUT_RETURN_TYPE = YES_ERROR;
				GCC_WARN_UNDECLARED_SELECTOR = YES;
				GCC_WARN_UNINITIALIZED_AUTOS = YES_AGGRESSIVE;
				GCC_WARN_UNUSED_FUNCTION = YES;
				GCC_WARN_UNUSED_VARIABLE = YES;
				IPHONEOS_DEPLOYMENT_TARGET = 12.4;
				MTL_ENABLE_DEBUG_INFO = NO;
				MTL_FAST_MATH = YES;
				SDKROOT = iphoneos;
				SWIFT_COMPILATION_MODE = wholemodule;
				SWIFT_OPTIMIZATION_LEVEL = "-O";
				VALIDATE_PRODUCT = YES;
			};
			name = Release;
		};
		D54D0CF022FDBA160035AD25 /* Debug */ = {
			isa = XCBuildConfiguration;
			buildSettings = {
				ASSETCATALOG_COMPILER_APPICON_NAME = AppIcon;
				CODE_SIGN_STYLE = Automatic;
				DEVELOPMENT_TEAM = DQ5CF8LT37;
				INFOPLIST_FILE = StarWarsProject/Info.plist;
				IPHONEOS_DEPLOYMENT_TARGET = 12.0;
				LD_RUNPATH_SEARCH_PATHS = (
					"$(inherited)",
					"@executable_path/Frameworks",
				);
				PRODUCT_BUNDLE_IDENTIFIER = Wauters.StarWarsProject;
				PRODUCT_NAME = "$(TARGET_NAME)";
				SWIFT_VERSION = 5.0;
				TARGETED_DEVICE_FAMILY = "1,2";
			};
			name = Debug;
		};
		D54D0CF122FDBA160035AD25 /* Release */ = {
			isa = XCBuildConfiguration;
			buildSettings = {
				ASSETCATALOG_COMPILER_APPICON_NAME = AppIcon;
				CODE_SIGN_STYLE = Automatic;
				DEVELOPMENT_TEAM = DQ5CF8LT37;
				INFOPLIST_FILE = StarWarsProject/Info.plist;
				IPHONEOS_DEPLOYMENT_TARGET = 12.0;
				LD_RUNPATH_SEARCH_PATHS = (
					"$(inherited)",
					"@executable_path/Frameworks",
				);
				PRODUCT_BUNDLE_IDENTIFIER = Wauters.StarWarsProject;
				PRODUCT_NAME = "$(TARGET_NAME)";
				SWIFT_VERSION = 5.0;
				TARGETED_DEVICE_FAMILY = "1,2";
			};
			name = Release;
		};
/* End XCBuildConfiguration section */

/* Begin XCConfigurationList section */
		D54D0CD522FDBA110035AD25 /* Build configuration list for PBXProject "StarWarsProject" */ = {
			isa = XCConfigurationList;
			buildConfigurations = (
				D54D0CED22FDBA160035AD25 /* Debug */,
				D54D0CEE22FDBA160035AD25 /* Release */,
			);
			defaultConfigurationIsVisible = 0;
			defaultConfigurationName = Release;
		};
		D54D0CEF22FDBA160035AD25 /* Build configuration list for PBXNativeTarget "StarWarsProject" */ = {
			isa = XCConfigurationList;
			buildConfigurations = (
				D54D0CF022FDBA160035AD25 /* Debug */,
				D54D0CF122FDBA160035AD25 /* Release */,
			);
			defaultConfigurationIsVisible = 0;
			defaultConfigurationName = Release;
		};
/* End XCConfigurationList section */

/* Begin XCVersionGroup section */
		D54D0CE422FDBA120035AD25 /* StarWarsProject.xcdatamodeld */ = {
			isa = XCVersionGroup;
			children = (
				D54D0CE522FDBA120035AD25 /* StarWarsProject.xcdatamodel */,
			);
			currentVersion = D54D0CE522FDBA120035AD25 /* StarWarsProject.xcdatamodel */;
			path = StarWarsProject.xcdatamodeld;
			sourceTree = "<group>";
			versionGroupType = wrapper.xcdatamodel;
		};
/* End XCVersionGroup section */
	};
	rootObject = D54D0CD222FDBA110035AD25 /* Project object */;
}
